{
  "version": 4,
  "terraform_version": "1.4.5",
  "serial": 25,
  "lineage": "485f66d2-c951-bb4e-6bdf-1298c3fb0b57",
  "outputs": {},
  "resources": [
    {
      "mode": "managed",
      "type": "aws_iam_role",
      "name": "redshift_role",
      "provider": "provider[\"registry.terraform.io/hashicorp/aws\"]",
      "instances": [
        {
          "schema_version": 0,
          "attributes": {
            "arn": "arn:aws:iam::373903915873:role/redshift_role",
            "assume_role_policy": "{\"Statement\":[{\"Action\":\"sts:AssumeRole\",\"Effect\":\"Allow\",\"Principal\":{\"Service\":\"redshift.amazonaws.com\"},\"Sid\":\"\"}],\"Version\":\"2012-10-17\"}",
            "create_date": "2023-05-15T18:56:04Z",
            "description": "",
            "force_detach_policies": false,
            "id": "redshift_role",
            "inline_policy": [
              {
                "name": "redshift_s3_policy",
                "policy": "{\"Version\":\"2012-10-17\",\"Statement\":[{\"Action\":\"s3:*\",\"Effect\":\"Allow\",\"Resource\":\"*\"}]}"
              }
            ],
            "managed_policy_arns": [],
            "max_session_duration": 3600,
            "name": "redshift_role",
            "name_prefix": "",
            "path": "/",
            "permissions_boundary": null,
            "role_last_used": [
              {
                "last_used_date": "",
                "region": ""
              }
            ],
            "tags": {
              "tag-key": "redshift-role"
            },
            "tags_all": {
              "tag-key": "redshift-role"
            },
            "unique_id": "AROAVODTI7NQTHRBIJOYL"
          },
          "sensitive_attributes": [],
          "private": "bnVsbA=="
        }
      ]
    },
    {
      "mode": "managed",
      "type": "aws_internet_gateway",
      "name": "redshift_vpc_gw",
      "provider": "provider[\"registry.terraform.io/hashicorp/aws\"]",
      "instances": [
        {
          "schema_version": 0,
          "attributes": {
            "arn": "arn:aws:ec2:us-east-1:373903915873:internet-gateway/igw-054eea26f4b209ff3",
            "id": "igw-054eea26f4b209ff3",
            "owner_id": "373903915873",
            "tags": {},
            "tags_all": {},
            "timeouts": null,
            "vpc_id": "vpc-0753cc2e6f665842e"
          },
          "sensitive_attributes": [],
          "private": "eyJlMmJmYjczMC1lY2FhLTExZTYtOGY4OC0zNDM2M2JjN2M0YzAiOnsiY3JlYXRlIjoxMjAwMDAwMDAwMDAwLCJkZWxldGUiOjEyMDAwMDAwMDAwMDAsInVwZGF0ZSI6MTIwMDAwMDAwMDAwMH19",
          "dependencies": [
            "aws_vpc.redshift_vpc"
          ]
        }
      ]
    },
    {
      "mode": "managed",
      "type": "aws_redshift_cluster",
      "name": "default",
      "provider": "provider[\"registry.terraform.io/hashicorp/aws\"]",
      "instances": [
        {
          "schema_version": 0,
          "attributes": {
            "allow_version_upgrade": true,
            "apply_immediately": false,
            "aqua_configuration_status": "auto",
            "arn": "arn:aws:redshift:us-east-1:373903915873:cluster:demo-cluster",
            "automated_snapshot_retention_period": 1,
            "availability_zone": "us-east-1a",
            "availability_zone_relocation_enabled": false,
            "cluster_identifier": "demo-cluster",
            "cluster_nodes": [
              {
                "node_role": "SHARED",
                "private_ip_address": "10.0.1.38",
                "public_ip_address": "44.206.51.120"
              }
            ],
            "cluster_parameter_group_name": "default.redshift-1.0",
            "cluster_public_key": "ssh-rsa AAAAB3NzaC1yc2EAAAADAQABAAABAQCghzjbAPP7OlRtf/eHPaQyCz7JJzG3I3eHswSSUbwXl1K7fZEpdhpUYLJUP8arE/gGyK9s/D4up3BraaQ9Omq/pEBlRWZn1CwcBaY9Y9H26xGG7HObSC6OkL0kTAsOKOysFtR0BQOJNGdMzMPKjnbXqU34cprZZf844eWLAduQCSNgsJj5GLqeNkEtyC9T9PblrbK23Ge7MEBIYSuEVqLWVMLPLdRxddHNcmjOHfrhrD5o1vFAG9GRFBmtJaTtI5JCTdSUtKAYMMneX8vQFlg9Ha/9gBuoa3AWFpYtrqNy/OIxU+zyQpbBnCyK/R434wR499o5Xf8kM2JhfV1htr5b Amazon-Redshift\n",
            "cluster_revision_number": "49780",
            "cluster_security_groups": [],
            "cluster_subnet_group_name": "redshift-subnet-group",
            "cluster_type": "single-node",
            "cluster_version": "1.0",
            "database_name": "database_cluster",
            "default_iam_role_arn": "",
            "dns_name": "demo-cluster.cjeka4pyrtj8.us-east-1.redshift.amazonaws.com",
            "elastic_ip": null,
            "encrypted": false,
            "endpoint": "demo-cluster.cjeka4pyrtj8.us-east-1.redshift.amazonaws.com:5439",
            "enhanced_vpc_routing": false,
            "final_snapshot_identifier": null,
            "iam_roles": [
              "arn:aws:iam::373903915873:role/redshift_role"
            ],
            "id": "demo-cluster",
            "kms_key_id": "",
            "logging": [
              {
                "bucket_name": "",
                "enable": false,
                "log_destination_type": "",
                "log_exports": [],
                "s3_key_prefix": ""
              }
            ],
            "maintenance_track_name": "current",
            "manual_snapshot_retention_period": -1,
            "master_password": "Codewithmuh1",
            "master_username": "codewithmuh",
            "node_type": "dc2.large",
            "number_of_nodes": 1,
            "owner_account": null,
            "port": 5439,
            "preferred_maintenance_window": "fri:09:30-fri:10:00",
            "publicly_accessible": true,
            "skip_final_snapshot": true,
            "snapshot_cluster_identifier": null,
            "snapshot_copy": [],
            "snapshot_identifier": null,
            "tags": {},
            "tags_all": {},
            "timeouts": null,
            "vpc_security_group_ids": [
              "sg-0743fa4003742d286"
            ]
          },
          "sensitive_attributes": [],
          "private": "eyJlMmJmYjczMC1lY2FhLTExZTYtOGY4OC0zNDM2M2JjN2M0YzAiOnsiY3JlYXRlIjo0NTAwMDAwMDAwMDAwLCJkZWxldGUiOjI0MDAwMDAwMDAwMDAsInVwZGF0ZSI6NDUwMDAwMDAwMDAwMH19",
          "dependencies": [
            "aws_iam_role.redshift_role",
            "aws_redshift_subnet_group.redshift_subnet_group",
            "aws_security_group.redshift_security_group",
            "aws_subnet.redshift_subnet_1",
            "aws_subnet.redshift_subnet_2",
            "aws_vpc.redshift_vpc"
          ]
        }
      ]
    },
    {
      "mode": "managed",
      "type": "aws_redshift_subnet_group",
      "name": "redshift_subnet_group",
      "provider": "provider[\"registry.terraform.io/hashicorp/aws\"]",
      "instances": [
        {
          "schema_version": 0,
          "attributes": {
            "arn": "arn:aws:redshift:us-east-1:373903915873:subnetgroup:redshift-subnet-group",
            "description": "Managed by Terraform",
            "id": "redshift-subnet-group",
            "name": "redshift-subnet-group",
            "subnet_ids": [
              "subnet-0548b373cd3e6d062",
              "subnet-0edad9c7639fb1f0e"
            ],
            "tags": {
              "Name": "redshift-subnet-group",
              "environment": "dev"
            },
            "tags_all": {
              "Name": "redshift-subnet-group",
              "environment": "dev"
            }
          },
          "sensitive_attributes": [],
          "private": "bnVsbA==",
          "dependencies": [
            "aws_subnet.redshift_subnet_1",
            "aws_subnet.redshift_subnet_2",
            "aws_vpc.redshift_vpc"
          ]
        }
      ]
    },
    {
      "mode": "managed",
      "type": "aws_security_group",
      "name": "redshift_security_group",
      "provider": "provider[\"registry.terraform.io/hashicorp/aws\"]",
      "instances": [
        {
          "schema_version": 1,
          "attributes": {
            "arn": "arn:aws:ec2:us-east-1:373903915873:security-group/sg-0305c743d18f07273",
            "description": "Redshift Security Group",
            "egress": [
              {
                "cidr_blocks": [
                  "0.0.0.0/0"
                ],
                "description": "",
                "from_port": 0,
                "ipv6_cidr_blocks": [],
                "prefix_list_ids": [],
                "protocol": "-1",
                "security_groups": [],
                "self": false,
                "to_port": 0
              }
            ],
            "id": "sg-0305c743d18f07273",
            "ingress": [
              {
                "cidr_blocks": [
                  "0.0.0.0/0"
                ],
                "description": "",
                "from_port": 5439,
                "ipv6_cidr_blocks": [],
                "prefix_list_ids": [],
                "protocol": "tcp",
                "security_groups": [],
                "self": false,
                "to_port": 5439
              }
            ],
            "name": "redshift-security-group",
            "name_prefix": "",
            "owner_id": "373903915873",
            "revoke_rules_on_delete": false,
            "tags": {
              "Name": "redshift-security-group"
            },
            "tags_all": {
              "Name": "redshift-security-group"
            },
            "timeouts": null,
            "vpc_id": "vpc-0753cc2e6f665842e"
          },
          "sensitive_attributes": [],
          "private": "eyJlMmJmYjczMC1lY2FhLTExZTYtOGY4OC0zNDM2M2JjN2M0YzAiOnsiY3JlYXRlIjo2MDAwMDAwMDAwMDAsImRlbGV0ZSI6OTAwMDAwMDAwMDAwfSwic2NoZW1hX3ZlcnNpb24iOiIxIn0=",
          "dependencies": [
            "aws_vpc.redshift_vpc"
          ]
        }
      ]
    },
    {
      "mode": "managed",
      "type": "aws_subnet",
      "name": "redshift_subnet_1",
      "provider": "provider[\"registry.terraform.io/hashicorp/aws\"]",
      "instances": [
        {
          "schema_version": 1,
          "attributes": {
            "arn": "arn:aws:ec2:us-east-1:373903915873:subnet/subnet-0edad9c7639fb1f0e",
            "assign_ipv6_address_on_creation": false,
            "availability_zone": "us-east-1a",
            "availability_zone_id": "use1-az1",
            "cidr_block": "10.0.1.0/24",
            "customer_owned_ipv4_pool": "",
            "enable_dns64": false,
            "enable_lni_at_device_index": 0,
            "enable_resource_name_dns_a_record_on_launch": false,
            "enable_resource_name_dns_aaaa_record_on_launch": false,
            "id": "subnet-0edad9c7639fb1f0e",
            "ipv6_cidr_block": "",
            "ipv6_cidr_block_association_id": "",
            "ipv6_native": false,
            "map_customer_owned_ip_on_launch": false,
            "map_public_ip_on_launch": true,
            "outpost_arn": "",
            "owner_id": "373903915873",
            "private_dns_hostname_type_on_launch": "ip-name",
            "tags": {
              "Name": "redshift-subnet-1"
            },
            "tags_all": {
              "Name": "redshift-subnet-1"
            },
            "timeouts": null,
            "vpc_id": "vpc-0753cc2e6f665842e"
          },
          "sensitive_attributes": [],
          "private": "eyJlMmJmYjczMC1lY2FhLTExZTYtOGY4OC0zNDM2M2JjN2M0YzAiOnsiY3JlYXRlIjo2MDAwMDAwMDAwMDAsImRlbGV0ZSI6MTIwMDAwMDAwMDAwMH0sInNjaGVtYV92ZXJzaW9uIjoiMSJ9",
          "dependencies": [
            "aws_vpc.redshift_vpc"
          ]
        }
      ]
    },
    {
      "mode": "managed",
      "type": "aws_subnet",
      "name": "redshift_subnet_2",
      "provider": "provider[\"registry.terraform.io/hashicorp/aws\"]",
      "instances": [
        {
          "schema_version": 1,
          "attributes": {
            "arn": "arn:aws:ec2:us-east-1:373903915873:subnet/subnet-0548b373cd3e6d062",
            "assign_ipv6_address_on_creation": false,
            "availability_zone": "us-east-1b",
            "availability_zone_id": "use1-az2",
            "cidr_block": "10.0.2.0/24",
            "customer_owned_ipv4_pool": "",
            "enable_dns64": false,
            "enable_lni_at_device_index": 0,
            "enable_resource_name_dns_a_record_on_launch": false,
            "enable_resource_name_dns_aaaa_record_on_launch": false,
            "id": "subnet-0548b373cd3e6d062",
            "ipv6_cidr_block": "",
            "ipv6_cidr_block_association_id": "",
            "ipv6_native": false,
            "map_customer_owned_ip_on_launch": false,
            "map_public_ip_on_launch": true,
            "outpost_arn": "",
            "owner_id": "373903915873",
            "private_dns_hostname_type_on_launch": "ip-name",
            "tags": {
              "Name": "redshift-subnet-2"
            },
            "tags_all": {
              "Name": "redshift-subnet-2"
            },
            "timeouts": null,
            "vpc_id": "vpc-0753cc2e6f665842e"
          },
          "sensitive_attributes": [],
          "private": "eyJlMmJmYjczMC1lY2FhLTExZTYtOGY4OC0zNDM2M2JjN2M0YzAiOnsiY3JlYXRlIjo2MDAwMDAwMDAwMDAsImRlbGV0ZSI6MTIwMDAwMDAwMDAwMH0sInNjaGVtYV92ZXJzaW9uIjoiMSJ9",
          "dependencies": [
            "aws_vpc.redshift_vpc"
          ]
        }
      ]
    },
    {
      "mode": "managed",
      "type": "aws_vpc",
      "name": "redshift_vpc",
      "provider": "provider[\"registry.terraform.io/hashicorp/aws\"]",
      "instances": [
        {
          "schema_version": 1,
          "attributes": {
            "arn": "arn:aws:ec2:us-east-1:373903915873:vpc/vpc-0753cc2e6f665842e",
            "assign_generated_ipv6_cidr_block": false,
            "cidr_block": "10.0.0.0/16",
            "default_network_acl_id": "acl-025730be25737ae29",
            "default_route_table_id": "rtb-01f4c9fcc6601c515",
            "default_security_group_id": "sg-0743fa4003742d286",
            "dhcp_options_id": "dopt-0d89646a40dafe41f",
            "enable_classiclink": false,
            "enable_classiclink_dns_support": false,
            "enable_dns_hostnames": false,
            "enable_dns_support": true,
            "enable_network_address_usage_metrics": false,
            "id": "vpc-0753cc2e6f665842e",
            "instance_tenancy": "default",
            "ipv4_ipam_pool_id": null,
            "ipv4_netmask_length": null,
            "ipv6_association_id": "",
            "ipv6_cidr_block": "",
            "ipv6_cidr_block_network_border_group": "",
            "ipv6_ipam_pool_id": "",
            "ipv6_netmask_length": 0,
            "main_route_table_id": "rtb-01f4c9fcc6601c515",
            "owner_id": "373903915873",
            "tags": {
              "Name": "redshift-vpc"
            },
            "tags_all": {
              "Name": "redshift-vpc"
            }
          },
          "sensitive_attributes": [],
          "private": "eyJzY2hlbWFfdmVyc2lvbiI6IjEifQ=="
        }
      ]
    }
  ],
  "check_results": null
}
